
Microsoft Visual Studio Solution File, Format Version 11.00
# Visual C++ Express 2010
Project("{8BC9CEB8-8B4A-11D0-8D11-00A0C91BC942}") = "passion-render", "passion-render.vcxproj", "{68E43F2F-8552-40A4-8CEC-099ECBD72E07}"
EndProject
Project("{8BC9CEB8-8B4A-11D0-8D11-00A0C91BC942}") = "passion-input", "passion-input.vcxproj", "{63EB3DEF-8D4C-4C81-82B3-7083B744DB0C}"
EndProject
Project("{8BC9CEB8-8B4A-11D0-8D11-00A0C91BC942}") = "gameoflife", "..\..\samples\build\gameoflife.vcxproj", "{B591E05B-6C34-4913-9536-0B5298A49721}"
	ProjectSection(ProjectDependencies) = postProject
		{68E43F2F-8552-40A4-8CEC-099ECBD72E07} = {68E43F2F-8552-40A4-8CEC-099ECBD72E07}
		{63EB3DEF-8D4C-4C81-82B3-7083B744DB0C} = {63EB3DEF-8D4C-4C81-82B3-7083B744DB0C}
	EndProjectSection
EndProject
Project("{8BC9CEB8-8B4A-11D0-8D11-00A0C91BC942}") = "julia", "..\..\samples\build\julia.vcxproj", "{7C61FAED-7CE0-44CC-8FD5-36EF6A047BF4}"
	ProjectSection(ProjectDependencies) = postProject
		{68E43F2F-8552-40A4-8CEC-099ECBD72E07} = {68E43F2F-8552-40A4-8CEC-099ECBD72E07}
		{63EB3DEF-8D4C-4C81-82B3-7083B744DB0C} = {63EB3DEF-8D4C-4C81-82B3-7083B744DB0C}
	EndProjectSection
EndProject
Project("{8BC9CEB8-8B4A-11D0-8D11-00A0C91BC942}") = "postprocessing", "..\..\samples\build\postprocessing.vcxproj", "{93398903-D226-4BBE-961F-08D715FB7A92}"
	ProjectSection(ProjectDependencies) = postProject
		{68E43F2F-8552-40A4-8CEC-099ECBD72E07} = {68E43F2F-8552-40A4-8CEC-099ECBD72E07}
		{63EB3DEF-8D4C-4C81-82B3-7083B744DB0C} = {63EB3DEF-8D4C-4C81-82B3-7083B744DB0C}
	EndProjectSection
EndProject
Global
	GlobalSection(SolutionConfigurationPlatforms) = preSolution
		Debug|Win32 = Debug|Win32
		Release|Win32 = Release|Win32
	EndGlobalSection
	GlobalSection(ProjectConfigurationPlatforms) = postSolution
		{68E43F2F-8552-40A4-8CEC-099ECBD72E07}.Debug|Win32.ActiveCfg = Debug|Win32
		{68E43F2F-8552-40A4-8CEC-099ECBD72E07}.Debug|Win32.Build.0 = Debug|Win32
		{68E43F2F-8552-40A4-8CEC-099ECBD72E07}.Release|Win32.ActiveCfg = Release|Win32
		{68E43F2F-8552-40A4-8CEC-099ECBD72E07}.Release|Win32.Build.0 = Release|Win32
		{63EB3DEF-8D4C-4C81-82B3-7083B744DB0C}.Debug|Win32.ActiveCfg = Debug|Win32
		{63EB3DEF-8D4C-4C81-82B3-7083B744DB0C}.Debug|Win32.Build.0 = Debug|Win32
		{63EB3DEF-8D4C-4C81-82B3-7083B744DB0C}.Release|Win32.ActiveCfg = Release|Win32
		{63EB3DEF-8D4C-4C81-82B3-7083B744DB0C}.Release|Win32.Build.0 = Release|Win32
		{B591E05B-6C34-4913-9536-0B5298A49721}.Debug|Win32.ActiveCfg = Debug|Win32
		{B591E05B-6C34-4913-9536-0B5298A49721}.Debug|Win32.Build.0 = Debug|Win32
		{B591E05B-6C34-4913-9536-0B5298A49721}.Release|Win32.ActiveCfg = Release|Win32
		{B591E05B-6C34-4913-9536-0B5298A49721}.Release|Win32.Build.0 = Release|Win32
		{7C61FAED-7CE0-44CC-8FD5-36EF6A047BF4}.Debug|Win32.ActiveCfg = Debug|Win32
		{7C61FAED-7CE0-44CC-8FD5-36EF6A047BF4}.Debug|Win32.Build.0 = Debug|Win32
		{7C61FAED-7CE0-44CC-8FD5-36EF6A047BF4}.Release|Win32.ActiveCfg = Release|Win32
		{7C61FAED-7CE0-44CC-8FD5-36EF6A047BF4}.Release|Win32.Build.0 = Release|Win32
		{93398903-D226-4BBE-961F-08D715FB7A92}.Debug|Win32.ActiveCfg = Debug|Win32
		{93398903-D226-4BBE-961F-08D715FB7A92}.Debug|Win32.Build.0 = Debug|Win32
		{93398903-D226-4BBE-961F-08D715FB7A92}.Release|Win32.ActiveCfg = Release|Win32
		{93398903-D226-4BBE-961F-08D715FB7A92}.Release|Win32.Build.0 = Release|Win32
	EndGlobalSection
	GlobalSection(SolutionProperties) = preSolution
		HideSolutionNode = FALSE
	EndGlobalSection
EndGlobal
