
Microsoft Visual Studio Solution File, Format Version 10.00
# Visual C++ Express 2008
Project("{8BC9CEB8-8B4A-11D0-8D11-00A0C91BC942}") = "render", "render.vcproj", "{2B47C2D6-BA4A-4741-A22A-DA16617279EF}"
EndProject
Project("{8BC9CEB8-8B4A-11D0-8D11-00A0C91BC942}") = "gameoflife", "..\..\samples\build\gameoflife.vcproj", "{3B7C15FF-1DB0-4E62-B170-DDC0077CF698}"
	ProjectSection(ProjectDependencies) = postProject
		{2B47C2D6-BA4A-4741-A22A-DA16617279EF} = {2B47C2D6-BA4A-4741-A22A-DA16617279EF}
	EndProjectSection
EndProject
Project("{8BC9CEB8-8B4A-11D0-8D11-00A0C91BC942}") = "input", "input.vcproj", "{2C4474FE-FCDE-463E-B6BE-197394990C89}"
EndProject
Project("{8BC9CEB8-8B4A-11D0-8D11-00A0C91BC942}") = "julia", "..\..\samples\build\julia.vcproj", "{82DBCCC3-CC29-4F9D-A8A0-2B7B337A6A84}"
	ProjectSection(ProjectDependencies) = postProject
		{2B47C2D6-BA4A-4741-A22A-DA16617279EF} = {2B47C2D6-BA4A-4741-A22A-DA16617279EF}
		{2C4474FE-FCDE-463E-B6BE-197394990C89} = {2C4474FE-FCDE-463E-B6BE-197394990C89}
	EndProjectSection
EndProject
Project("{8BC9CEB8-8B4A-11D0-8D11-00A0C91BC942}") = "blur", "..\..\samples\build\blur.vcproj", "{12475166-557F-4E7A-9BC1-5967AFCAB96A}"
	ProjectSection(ProjectDependencies) = postProject
		{2B47C2D6-BA4A-4741-A22A-DA16617279EF} = {2B47C2D6-BA4A-4741-A22A-DA16617279EF}
		{2C4474FE-FCDE-463E-B6BE-197394990C89} = {2C4474FE-FCDE-463E-B6BE-197394990C89}
	EndProjectSection
EndProject
Project("{8BC9CEB8-8B4A-11D0-8D11-00A0C91BC942}") = "deform", "..\..\samples\build\deform.vcproj", "{F8D140B3-5E40-4667-A6DE-A79025CF7C76}"
	ProjectSection(ProjectDependencies) = postProject
		{2B47C2D6-BA4A-4741-A22A-DA16617279EF} = {2B47C2D6-BA4A-4741-A22A-DA16617279EF}
		{2C4474FE-FCDE-463E-B6BE-197394990C89} = {2C4474FE-FCDE-463E-B6BE-197394990C89}
	EndProjectSection
EndProject
Project("{8BC9CEB8-8B4A-11D0-8D11-00A0C91BC942}") = "scripting", "scripting.vcproj", "{B749F58A-CA7C-4C8C-A173-C2B23E8115CE}"
EndProject
Project("{8BC9CEB8-8B4A-11D0-8D11-00A0C91BC942}") = "interpreter", "..\..\samples\build\interpreter.vcproj", "{F626D834-D935-4028-9E28-AFAEB89E9FAC}"
	ProjectSection(ProjectDependencies) = postProject
		{B749F58A-CA7C-4C8C-A173-C2B23E8115CE} = {B749F58A-CA7C-4C8C-A173-C2B23E8115CE}
	EndProjectSection
EndProject
Project("{8BC9CEB8-8B4A-11D0-8D11-00A0C91BC942}") = "network", "network.vcproj", "{8CCEEE4F-DE54-4345-8111-0EE22449A1CE}"
EndProject
Project("{8BC9CEB8-8B4A-11D0-8D11-00A0C91BC942}") = "ip", "..\..\samples\build\ip.vcproj", "{443E95E9-3F97-4B00-A924-E9A69521A68B}"
	ProjectSection(ProjectDependencies) = postProject
		{8CCEEE4F-DE54-4345-8111-0EE22449A1CE} = {8CCEEE4F-DE54-4345-8111-0EE22449A1CE}
	EndProjectSection
EndProject
Global
	GlobalSection(SolutionConfigurationPlatforms) = preSolution
		Debug MX|Win32 = Debug MX|Win32
		Debug|Win32 = Debug|Win32
		Release MX|Win32 = Release MX|Win32
		Release|Win32 = Release|Win32
	EndGlobalSection
	GlobalSection(ProjectConfigurationPlatforms) = postSolution
		{2B47C2D6-BA4A-4741-A22A-DA16617279EF}.Debug MX|Win32.ActiveCfg = Debug|Win32
		{2B47C2D6-BA4A-4741-A22A-DA16617279EF}.Debug MX|Win32.Build.0 = Debug|Win32
		{2B47C2D6-BA4A-4741-A22A-DA16617279EF}.Debug|Win32.ActiveCfg = Debug|Win32
		{2B47C2D6-BA4A-4741-A22A-DA16617279EF}.Debug|Win32.Build.0 = Debug|Win32
		{2B47C2D6-BA4A-4741-A22A-DA16617279EF}.Release MX|Win32.ActiveCfg = Release|Win32
		{2B47C2D6-BA4A-4741-A22A-DA16617279EF}.Release MX|Win32.Build.0 = Release|Win32
		{2B47C2D6-BA4A-4741-A22A-DA16617279EF}.Release|Win32.ActiveCfg = Release|Win32
		{2B47C2D6-BA4A-4741-A22A-DA16617279EF}.Release|Win32.Build.0 = Release|Win32
		{3B7C15FF-1DB0-4E62-B170-DDC0077CF698}.Debug MX|Win32.ActiveCfg = Debug|Win32
		{3B7C15FF-1DB0-4E62-B170-DDC0077CF698}.Debug MX|Win32.Build.0 = Debug|Win32
		{3B7C15FF-1DB0-4E62-B170-DDC0077CF698}.Debug|Win32.ActiveCfg = Debug|Win32
		{3B7C15FF-1DB0-4E62-B170-DDC0077CF698}.Debug|Win32.Build.0 = Debug|Win32
		{3B7C15FF-1DB0-4E62-B170-DDC0077CF698}.Release MX|Win32.ActiveCfg = Release|Win32
		{3B7C15FF-1DB0-4E62-B170-DDC0077CF698}.Release MX|Win32.Build.0 = Release|Win32
		{3B7C15FF-1DB0-4E62-B170-DDC0077CF698}.Release|Win32.ActiveCfg = Release|Win32
		{3B7C15FF-1DB0-4E62-B170-DDC0077CF698}.Release|Win32.Build.0 = Release|Win32
		{2C4474FE-FCDE-463E-B6BE-197394990C89}.Debug MX|Win32.ActiveCfg = Debug|Win32
		{2C4474FE-FCDE-463E-B6BE-197394990C89}.Debug MX|Win32.Build.0 = Debug|Win32
		{2C4474FE-FCDE-463E-B6BE-197394990C89}.Debug|Win32.ActiveCfg = Debug|Win32
		{2C4474FE-FCDE-463E-B6BE-197394990C89}.Debug|Win32.Build.0 = Debug|Win32
		{2C4474FE-FCDE-463E-B6BE-197394990C89}.Release MX|Win32.ActiveCfg = Release|Win32
		{2C4474FE-FCDE-463E-B6BE-197394990C89}.Release MX|Win32.Build.0 = Release|Win32
		{2C4474FE-FCDE-463E-B6BE-197394990C89}.Release|Win32.ActiveCfg = Release|Win32
		{2C4474FE-FCDE-463E-B6BE-197394990C89}.Release|Win32.Build.0 = Release|Win32
		{82DBCCC3-CC29-4F9D-A8A0-2B7B337A6A84}.Debug MX|Win32.ActiveCfg = Debug|Win32
		{82DBCCC3-CC29-4F9D-A8A0-2B7B337A6A84}.Debug MX|Win32.Build.0 = Debug|Win32
		{82DBCCC3-CC29-4F9D-A8A0-2B7B337A6A84}.Debug|Win32.ActiveCfg = Debug|Win32
		{82DBCCC3-CC29-4F9D-A8A0-2B7B337A6A84}.Debug|Win32.Build.0 = Debug|Win32
		{82DBCCC3-CC29-4F9D-A8A0-2B7B337A6A84}.Release MX|Win32.ActiveCfg = Release|Win32
		{82DBCCC3-CC29-4F9D-A8A0-2B7B337A6A84}.Release MX|Win32.Build.0 = Release|Win32
		{82DBCCC3-CC29-4F9D-A8A0-2B7B337A6A84}.Release|Win32.ActiveCfg = Release|Win32
		{82DBCCC3-CC29-4F9D-A8A0-2B7B337A6A84}.Release|Win32.Build.0 = Release|Win32
		{12475166-557F-4E7A-9BC1-5967AFCAB96A}.Debug MX|Win32.ActiveCfg = Debug|Win32
		{12475166-557F-4E7A-9BC1-5967AFCAB96A}.Debug MX|Win32.Build.0 = Debug|Win32
		{12475166-557F-4E7A-9BC1-5967AFCAB96A}.Debug|Win32.ActiveCfg = Debug|Win32
		{12475166-557F-4E7A-9BC1-5967AFCAB96A}.Debug|Win32.Build.0 = Debug|Win32
		{12475166-557F-4E7A-9BC1-5967AFCAB96A}.Release MX|Win32.ActiveCfg = Release|Win32
		{12475166-557F-4E7A-9BC1-5967AFCAB96A}.Release MX|Win32.Build.0 = Release|Win32
		{12475166-557F-4E7A-9BC1-5967AFCAB96A}.Release|Win32.ActiveCfg = Release|Win32
		{12475166-557F-4E7A-9BC1-5967AFCAB96A}.Release|Win32.Build.0 = Release|Win32
		{F8D140B3-5E40-4667-A6DE-A79025CF7C76}.Debug MX|Win32.ActiveCfg = Debug|Win32
		{F8D140B3-5E40-4667-A6DE-A79025CF7C76}.Debug MX|Win32.Build.0 = Debug|Win32
		{F8D140B3-5E40-4667-A6DE-A79025CF7C76}.Debug|Win32.ActiveCfg = Debug|Win32
		{F8D140B3-5E40-4667-A6DE-A79025CF7C76}.Debug|Win32.Build.0 = Debug|Win32
		{F8D140B3-5E40-4667-A6DE-A79025CF7C76}.Release MX|Win32.ActiveCfg = Release|Win32
		{F8D140B3-5E40-4667-A6DE-A79025CF7C76}.Release MX|Win32.Build.0 = Release|Win32
		{F8D140B3-5E40-4667-A6DE-A79025CF7C76}.Release|Win32.ActiveCfg = Release|Win32
		{F8D140B3-5E40-4667-A6DE-A79025CF7C76}.Release|Win32.Build.0 = Release|Win32
		{B749F58A-CA7C-4C8C-A173-C2B23E8115CE}.Debug MX|Win32.ActiveCfg = Debug|Win32
		{B749F58A-CA7C-4C8C-A173-C2B23E8115CE}.Debug MX|Win32.Build.0 = Debug|Win32
		{B749F58A-CA7C-4C8C-A173-C2B23E8115CE}.Debug|Win32.ActiveCfg = Debug|Win32
		{B749F58A-CA7C-4C8C-A173-C2B23E8115CE}.Debug|Win32.Build.0 = Debug|Win32
		{B749F58A-CA7C-4C8C-A173-C2B23E8115CE}.Release MX|Win32.ActiveCfg = Release|Win32
		{B749F58A-CA7C-4C8C-A173-C2B23E8115CE}.Release MX|Win32.Build.0 = Release|Win32
		{B749F58A-CA7C-4C8C-A173-C2B23E8115CE}.Release|Win32.ActiveCfg = Release|Win32
		{B749F58A-CA7C-4C8C-A173-C2B23E8115CE}.Release|Win32.Build.0 = Release|Win32
		{F626D834-D935-4028-9E28-AFAEB89E9FAC}.Debug MX|Win32.ActiveCfg = Debug|Win32
		{F626D834-D935-4028-9E28-AFAEB89E9FAC}.Debug MX|Win32.Build.0 = Debug|Win32
		{F626D834-D935-4028-9E28-AFAEB89E9FAC}.Debug|Win32.ActiveCfg = Debug|Win32
		{F626D834-D935-4028-9E28-AFAEB89E9FAC}.Debug|Win32.Build.0 = Debug|Win32
		{F626D834-D935-4028-9E28-AFAEB89E9FAC}.Release MX|Win32.ActiveCfg = Release|Win32
		{F626D834-D935-4028-9E28-AFAEB89E9FAC}.Release MX|Win32.Build.0 = Release|Win32
		{F626D834-D935-4028-9E28-AFAEB89E9FAC}.Release|Win32.ActiveCfg = Release|Win32
		{F626D834-D935-4028-9E28-AFAEB89E9FAC}.Release|Win32.Build.0 = Release|Win32
		{8CCEEE4F-DE54-4345-8111-0EE22449A1CE}.Debug MX|Win32.ActiveCfg = Debug|Win32
		{8CCEEE4F-DE54-4345-8111-0EE22449A1CE}.Debug MX|Win32.Build.0 = Debug|Win32
		{8CCEEE4F-DE54-4345-8111-0EE22449A1CE}.Debug|Win32.ActiveCfg = Debug|Win32
		{8CCEEE4F-DE54-4345-8111-0EE22449A1CE}.Debug|Win32.Build.0 = Debug|Win32
		{8CCEEE4F-DE54-4345-8111-0EE22449A1CE}.Release MX|Win32.ActiveCfg = Release|Win32
		{8CCEEE4F-DE54-4345-8111-0EE22449A1CE}.Release MX|Win32.Build.0 = Release|Win32
		{8CCEEE4F-DE54-4345-8111-0EE22449A1CE}.Release|Win32.ActiveCfg = Release|Win32
		{8CCEEE4F-DE54-4345-8111-0EE22449A1CE}.Release|Win32.Build.0 = Release|Win32
		{443E95E9-3F97-4B00-A924-E9A69521A68B}.Debug MX|Win32.ActiveCfg = Debug|Win32
		{443E95E9-3F97-4B00-A924-E9A69521A68B}.Debug MX|Win32.Build.0 = Debug|Win32
		{443E95E9-3F97-4B00-A924-E9A69521A68B}.Debug|Win32.ActiveCfg = Debug|Win32
		{443E95E9-3F97-4B00-A924-E9A69521A68B}.Debug|Win32.Build.0 = Debug|Win32
		{443E95E9-3F97-4B00-A924-E9A69521A68B}.Release MX|Win32.ActiveCfg = Release|Win32
		{443E95E9-3F97-4B00-A924-E9A69521A68B}.Release MX|Win32.Build.0 = Release|Win32
		{443E95E9-3F97-4B00-A924-E9A69521A68B}.Release|Win32.ActiveCfg = Release|Win32
		{443E95E9-3F97-4B00-A924-E9A69521A68B}.Release|Win32.Build.0 = Release|Win32
	EndGlobalSection
	GlobalSection(SolutionProperties) = preSolution
		HideSolutionNode = FALSE
	EndGlobalSection
EndGlobal
